
Microsoft Visual Studio Solution File, Format Version 12.00
# Visual Studio Version 16
VisualStudioVersion = 16.0.31313.79
MinimumVisualStudioVersion = 10.0.40219.1
Project("{FAE04EC0-301F-11D3-BF4B-00C04F79EFBC}") = "parcial2Examen.UWP", "parcial2Examen\parcial2Examen.UWP\parcial2Examen.UWP.csproj", "{0FB718BB-DCAC-4C3C-B919-7050F948F68E}"
EndProject
Project("{FAE04EC0-301F-11D3-BF4B-00C04F79EFBC}") = "parcial2Examen.Android", "parcial2Examen\parcial2Examen.Android\parcial2Examen.Android.csproj", "{E2BCF226-ABC5-4E4F-8C7C-A86B67BEB989}"
EndProject
Project("{FAE04EC0-301F-11D3-BF4B-00C04F79EFBC}") = "parcial2Examen.iOS", "parcial2Examen\parcial2Examen.iOS\parcial2Examen.iOS.csproj", "{269F620C-1AF2-4453-85D6-0BEB6A165DBC}"
EndProject
Project("{FAE04EC0-301F-11D3-BF4B-00C04F79EFBC}") = "parcial2Examen", "parcial2Examen\parcial2Examen\parcial2Examen.csproj", "{E6A4FA6F-E1A6-4261-B971-435613993878}"
EndProject
Global
	GlobalSection(SolutionConfigurationPlatforms) = preSolution
		Debug|Any CPU = Debug|Any CPU
		Debug|ARM = Debug|ARM
		Debug|iPhone = Debug|iPhone
		Debug|iPhoneSimulator = Debug|iPhoneSimulator
		Debug|x64 = Debug|x64
		Debug|x86 = Debug|x86
		Release|Any CPU = Release|Any CPU
		Release|ARM = Release|ARM
		Release|iPhone = Release|iPhone
		Release|iPhoneSimulator = Release|iPhoneSimulator
		Release|x64 = Release|x64
		Release|x86 = Release|x86
	EndGlobalSection
	GlobalSection(ProjectConfigurationPlatforms) = postSolution
		{0FB718BB-DCAC-4C3C-B919-7050F948F68E}.Debug|Any CPU.ActiveCfg = Debug|x86
		{0FB718BB-DCAC-4C3C-B919-7050F948F68E}.Debug|Any CPU.Build.0 = Debug|x86
		{0FB718BB-DCAC-4C3C-B919-7050F948F68E}.Debug|Any CPU.Deploy.0 = Debug|x86
		{0FB718BB-DCAC-4C3C-B919-7050F948F68E}.Debug|ARM.ActiveCfg = Debug|ARM
		{0FB718BB-DCAC-4C3C-B919-7050F948F68E}.Debug|ARM.Build.0 = Debug|ARM
		{0FB718BB-DCAC-4C3C-B919-7050F948F68E}.Debug|ARM.Deploy.0 = Debug|ARM
		{0FB718BB-DCAC-4C3C-B919-7050F948F68E}.Debug|iPhone.ActiveCfg = Debug|x86
		{0FB718BB-DCAC-4C3C-B919-7050F948F68E}.Debug|iPhone.Build.0 = Debug|x86
		{0FB718BB-DCAC-4C3C-B919-7050F948F68E}.Debug|iPhone.Deploy.0 = Debug|x86
		{0FB718BB-DCAC-4C3C-B919-7050F948F68E}.Debug|iPhoneSimulator.ActiveCfg = Debug|x86
		{0FB718BB-DCAC-4C3C-B919-7050F948F68E}.Debug|iPhoneSimulator.Build.0 = Debug|x86
		{0FB718BB-DCAC-4C3C-B919-7050F948F68E}.Debug|iPhoneSimulator.Deploy.0 = Debug|x86
		{0FB718BB-DCAC-4C3C-B919-7050F948F68E}.Debug|x64.ActiveCfg = Debug|x64
		{0FB718BB-DCAC-4C3C-B919-7050F948F68E}.Debug|x64.Build.0 = Debug|x64
		{0FB718BB-DCAC-4C3C-B919-7050F948F68E}.Debug|x64.Deploy.0 = Debug|x64
		{0FB718BB-DCAC-4C3C-B919-7050F948F68E}.Debug|x86.ActiveCfg = Debug|x86
		{0FB718BB-DCAC-4C3C-B919-7050F948F68E}.Debug|x86.Build.0 = Debug|x86
		{0FB718BB-DCAC-4C3C-B919-7050F948F68E}.Debug|x86.Deploy.0 = Debug|x86
		{0FB718BB-DCAC-4C3C-B919-7050F948F68E}.Release|Any CPU.ActiveCfg = Release|x86
		{0FB718BB-DCAC-4C3C-B919-7050F948F68E}.Release|Any CPU.Build.0 = Release|x86
		{0FB718BB-DCAC-4C3C-B919-7050F948F68E}.Release|Any CPU.Deploy.0 = Release|x86
		{0FB718BB-DCAC-4C3C-B919-7050F948F68E}.Release|ARM.ActiveCfg = Release|ARM
		{0FB718BB-DCAC-4C3C-B919-7050F948F68E}.Release|ARM.Build.0 = Release|ARM
		{0FB718BB-DCAC-4C3C-B919-7050F948F68E}.Release|ARM.Deploy.0 = Release|ARM
		{0FB718BB-DCAC-4C3C-B919-7050F948F68E}.Release|iPhone.ActiveCfg = Release|x86
		{0FB718BB-DCAC-4C3C-B919-7050F948F68E}.Release|iPhone.Build.0 = Release|x86
		{0FB718BB-DCAC-4C3C-B919-7050F948F68E}.Release|iPhone.Deploy.0 = Release|x86
		{0FB718BB-DCAC-4C3C-B919-7050F948F68E}.Release|iPhoneSimulator.ActiveCfg = Release|x86
		{0FB718BB-DCAC-4C3C-B919-7050F948F68E}.Release|iPhoneSimulator.Build.0 = Release|x86
		{0FB718BB-DCAC-4C3C-B919-7050F948F68E}.Release|iPhoneSimulator.Deploy.0 = Release|x86
		{0FB718BB-DCAC-4C3C-B919-7050F948F68E}.Release|x64.ActiveCfg = Release|x64
		{0FB718BB-DCAC-4C3C-B919-7050F948F68E}.Release|x64.Build.0 = Release|x64
		{0FB718BB-DCAC-4C3C-B919-7050F948F68E}.Release|x64.Deploy.0 = Release|x64
		{0FB718BB-DCAC-4C3C-B919-7050F948F68E}.Release|x86.ActiveCfg = Release|x86
		{0FB718BB-DCAC-4C3C-B919-7050F948F68E}.Release|x86.Build.0 = Release|x86
		{0FB718BB-DCAC-4C3C-B919-7050F948F68E}.Release|x86.Deploy.0 = Release|x86
		{E2BCF226-ABC5-4E4F-8C7C-A86B67BEB989}.Debug|Any CPU.ActiveCfg = Debug|Any CPU
		{E2BCF226-ABC5-4E4F-8C7C-A86B67BEB989}.Debug|Any CPU.Build.0 = Debug|Any CPU
		{E2BCF226-ABC5-4E4F-8C7C-A86B67BEB989}.Debug|Any CPU.Deploy.0 = Debug|Any CPU
		{E2BCF226-ABC5-4E4F-8C7C-A86B67BEB989}.Debug|ARM.ActiveCfg = Debug|Any CPU
		{E2BCF226-ABC5-4E4F-8C7C-A86B67BEB989}.Debug|ARM.Build.0 = Debug|Any CPU
		{E2BCF226-ABC5-4E4F-8C7C-A86B67BEB989}.Debug|ARM.Deploy.0 = Debug|Any CPU
		{E2BCF226-ABC5-4E4F-8C7C-A86B67BEB989}.Debug|iPhone.ActiveCfg = Debug|Any CPU
		{E2BCF226-ABC5-4E4F-8C7C-A86B67BEB989}.Debug|iPhone.Build.0 = Debug|Any CPU
		{E2BCF226-ABC5-4E4F-8C7C-A86B67BEB989}.Debug|iPhone.Deploy.0 = Debug|Any CPU
		{E2BCF226-ABC5-4E4F-8C7C-A86B67BEB989}.Debug|iPhoneSimulator.ActiveCfg = Debug|Any CPU
		{E2BCF226-ABC5-4E4F-8C7C-A86B67BEB989}.Debug|iPhoneSimulator.Build.0 = Debug|Any CPU
		{E2BCF226-ABC5-4E4F-8C7C-A86B67BEB989}.Debug|iPhoneSimulator.Deploy.0 = Debug|Any CPU
		{E2BCF226-ABC5-4E4F-8C7C-A86B67BEB989}.Debug|x64.ActiveCfg = Debug|Any CPU
		{E2BCF226-ABC5-4E4F-8C7C-A86B67BEB989}.Debug|x64.Build.0 = Debug|Any CPU
		{E2BCF226-ABC5-4E4F-8C7C-A86B67BEB989}.Debug|x64.Deploy.0 = Debug|Any CPU
		{E2BCF226-ABC5-4E4F-8C7C-A86B67BEB989}.Debug|x86.ActiveCfg = Debug|Any CPU
		{E2BCF226-ABC5-4E4F-8C7C-A86B67BEB989}.Debug|x86.Build.0 = Debug|Any CPU
		{E2BCF226-ABC5-4E4F-8C7C-A86B67BEB989}.Debug|x86.Deploy.0 = Debug|Any CPU
		{E2BCF226-ABC5-4E4F-8C7C-A86B67BEB989}.Release|Any CPU.ActiveCfg = Release|Any CPU
		{E2BCF226-ABC5-4E4F-8C7C-A86B67BEB989}.Release|Any CPU.Build.0 = Release|Any CPU
		{E2BCF226-ABC5-4E4F-8C7C-A86B67BEB989}.Release|Any CPU.Deploy.0 = Release|Any CPU
		{E2BCF226-ABC5-4E4F-8C7C-A86B67BEB989}.Release|ARM.ActiveCfg = Release|Any CPU
		{E2BCF226-ABC5-4E4F-8C7C-A86B67BEB989}.Release|ARM.Build.0 = Release|Any CPU
		{E2BCF226-ABC5-4E4F-8C7C-A86B67BEB989}.Release|ARM.Deploy.0 = Release|Any CPU
		{E2BCF226-ABC5-4E4F-8C7C-A86B67BEB989}.Release|iPhone.ActiveCfg = Release|Any CPU
		{E2BCF226-ABC5-4E4F-8C7C-A86B67BEB989}.Release|iPhone.Build.0 = Release|Any CPU
		{E2BCF226-ABC5-4E4F-8C7C-A86B67BEB989}.Release|iPhone.Deploy.0 = Release|Any CPU
		{E2BCF226-ABC5-4E4F-8C7C-A86B67BEB989}.Release|iPhoneSimulator.ActiveCfg = Release|Any CPU
		{E2BCF226-ABC5-4E4F-8C7C-A86B67BEB989}.Release|iPhoneSimulator.Build.0 = Release|Any CPU
		{E2BCF226-ABC5-4E4F-8C7C-A86B67BEB989}.Release|iPhoneSimulator.Deploy.0 = Release|Any CPU
		{E2BCF226-ABC5-4E4F-8C7C-A86B67BEB989}.Release|x64.ActiveCfg = Release|Any CPU
		{E2BCF226-ABC5-4E4F-8C7C-A86B67BEB989}.Release|x64.Build.0 = Release|Any CPU
		{E2BCF226-ABC5-4E4F-8C7C-A86B67BEB989}.Release|x64.Deploy.0 = Release|Any CPU
		{E2BCF226-ABC5-4E4F-8C7C-A86B67BEB989}.Release|x86.ActiveCfg = Release|Any CPU
		{E2BCF226-ABC5-4E4F-8C7C-A86B67BEB989}.Release|x86.Build.0 = Release|Any CPU
		{E2BCF226-ABC5-4E4F-8C7C-A86B67BEB989}.Release|x86.Deploy.0 = Release|Any CPU
		{269F620C-1AF2-4453-85D6-0BEB6A165DBC}.Debug|Any CPU.ActiveCfg = Debug|iPhoneSimulator
		{269F620C-1AF2-4453-85D6-0BEB6A165DBC}.Debug|Any CPU.Build.0 = Debug|iPhoneSimulator
		{269F620C-1AF2-4453-85D6-0BEB6A165DBC}.Debug|Any CPU.Deploy.0 = Debug|iPhoneSimulator
		{269F620C-1AF2-4453-85D6-0BEB6A165DBC}.Debug|ARM.ActiveCfg = Debug|iPhone
		{269F620C-1AF2-4453-85D6-0BEB6A165DBC}.Debug|ARM.Build.0 = Debug|iPhone
		{269F620C-1AF2-4453-85D6-0BEB6A165DBC}.Debug|ARM.Deploy.0 = Debug|iPhone
		{269F620C-1AF2-4453-85D6-0BEB6A165DBC}.Debug|iPhone.ActiveCfg = Debug|iPhone
		{269F620C-1AF2-4453-85D6-0BEB6A165DBC}.Debug|iPhone.Build.0 = Debug|iPhone
		{269F620C-1AF2-4453-85D6-0BEB6A165DBC}.Debug|iPhone.Deploy.0 = Debug|iPhone
		{269F620C-1AF2-4453-85D6-0BEB6A165DBC}.Debug|iPhoneSimulator.ActiveCfg = Debug|iPhoneSimulator
		{269F620C-1AF2-4453-85D6-0BEB6A165DBC}.Debug|iPhoneSimulator.Build.0 = Debug|iPhoneSimulator
		{269F620C-1AF2-4453-85D6-0BEB6A165DBC}.Debug|iPhoneSimulator.Deploy.0 = Debug|iPhoneSimulator
		{269F620C-1AF2-4453-85D6-0BEB6A165DBC}.Debug|x64.ActiveCfg = Debug|iPhoneSimulator
		{269F620C-1AF2-4453-85D6-0BEB6A165DBC}.Debug|x64.Build.0 = Debug|iPhoneSimulator
		{269F620C-1AF2-4453-85D6-0BEB6A165DBC}.Debug|x64.Deploy.0 = Debug|iPhoneSimulator
		{269F620C-1AF2-4453-85D6-0BEB6A165DBC}.Debug|x86.ActiveCfg = Debug|iPhoneSimulator
		{269F620C-1AF2-4453-85D6-0BEB6A165DBC}.Debug|x86.Build.0 = Debug|iPhoneSimulator
		{269F620C-1AF2-4453-85D6-0BEB6A165DBC}.Debug|x86.Deploy.0 = Debug|iPhoneSimulator
		{269F620C-1AF2-4453-85D6-0BEB6A165DBC}.Release|Any CPU.ActiveCfg = Release|iPhoneSimulator
		{269F620C-1AF2-4453-85D6-0BEB6A165DBC}.Release|Any CPU.Build.0 = Release|iPhoneSimulator
		{269F620C-1AF2-4453-85D6-0BEB6A165DBC}.Release|Any CPU.Deploy.0 = Release|iPhoneSimulator
		{269F620C-1AF2-4453-85D6-0BEB6A165DBC}.Release|ARM.ActiveCfg = Release|iPhoneSimulator
		{269F620C-1AF2-4453-85D6-0BEB6A165DBC}.Release|ARM.Build.0 = Release|iPhoneSimulator
		{269F620C-1AF2-4453-85D6-0BEB6A165DBC}.Release|ARM.Deploy.0 = Release|iPhoneSimulator
		{269F620C-1AF2-4453-85D6-0BEB6A165DBC}.Release|iPhone.ActiveCfg = Release|iPhone
		{269F620C-1AF2-4453-85D6-0BEB6A165DBC}.Release|iPhone.Build.0 = Release|iPhone
		{269F620C-1AF2-4453-85D6-0BEB6A165DBC}.Release|iPhone.Deploy.0 = Release|iPhone
		{269F620C-1AF2-4453-85D6-0BEB6A165DBC}.Release|iPhoneSimulator.ActiveCfg = Release|iPhoneSimulator
		{269F620C-1AF2-4453-85D6-0BEB6A165DBC}.Release|iPhoneSimulator.Build.0 = Release|iPhoneSimulator
		{269F620C-1AF2-4453-85D6-0BEB6A165DBC}.Release|iPhoneSimulator.Deploy.0 = Release|iPhoneSimulator
		{269F620C-1AF2-4453-85D6-0BEB6A165DBC}.Release|x64.ActiveCfg = Release|iPhoneSimulator
		{269F620C-1AF2-4453-85D6-0BEB6A165DBC}.Release|x64.Build.0 = Release|iPhoneSimulator
		{269F620C-1AF2-4453-85D6-0BEB6A165DBC}.Release|x64.Deploy.0 = Release|iPhoneSimulator
		{269F620C-1AF2-4453-85D6-0BEB6A165DBC}.Release|x86.ActiveCfg = Release|iPhoneSimulator
		{269F620C-1AF2-4453-85D6-0BEB6A165DBC}.Release|x86.Build.0 = Release|iPhoneSimulator
		{269F620C-1AF2-4453-85D6-0BEB6A165DBC}.Release|x86.Deploy.0 = Release|iPhoneSimulator
		{E6A4FA6F-E1A6-4261-B971-435613993878}.Debug|Any CPU.ActiveCfg = Debug|Any CPU
		{E6A4FA6F-E1A6-4261-B971-435613993878}.Debug|Any CPU.Build.0 = Debug|Any CPU
		{E6A4FA6F-E1A6-4261-B971-435613993878}.Debug|Any CPU.Deploy.0 = Debug|Any CPU
		{E6A4FA6F-E1A6-4261-B971-435613993878}.Debug|ARM.ActiveCfg = Debug|Any CPU
		{E6A4FA6F-E1A6-4261-B971-435613993878}.Debug|ARM.Build.0 = Debug|Any CPU
		{E6A4FA6F-E1A6-4261-B971-435613993878}.Debug|ARM.Deploy.0 = Debug|Any CPU
		{E6A4FA6F-E1A6-4261-B971-435613993878}.Debug|iPhone.ActiveCfg = Debug|Any CPU
		{E6A4FA6F-E1A6-4261-B971-435613993878}.Debug|iPhone.Build.0 = Debug|Any CPU
		{E6A4FA6F-E1A6-4261-B971-435613993878}.Debug|iPhone.Deploy.0 = Debug|Any CPU
		{E6A4FA6F-E1A6-4261-B971-435613993878}.Debug|iPhoneSimulator.ActiveCfg = Debug|Any CPU
		{E6A4FA6F-E1A6-4261-B971-435613993878}.Debug|iPhoneSimulator.Build.0 = Debug|Any CPU
		{E6A4FA6F-E1A6-4261-B971-435613993878}.Debug|iPhoneSimulator.Deploy.0 = Debug|Any CPU
		{E6A4FA6F-E1A6-4261-B971-435613993878}.Debug|x64.ActiveCfg = Debug|Any CPU
		{E6A4FA6F-E1A6-4261-B971-435613993878}.Debug|x64.Build.0 = Debug|Any CPU
		{E6A4FA6F-E1A6-4261-B971-435613993878}.Debug|x64.Deploy.0 = Debug|Any CPU
		{E6A4FA6F-E1A6-4261-B971-435613993878}.Debug|x86.ActiveCfg = Debug|Any CPU
		{E6A4FA6F-E1A6-4261-B971-435613993878}.Debug|x86.Build.0 = Debug|Any CPU
		{E6A4FA6F-E1A6-4261-B971-435613993878}.Debug|x86.Deploy.0 = Debug|Any CPU
		{E6A4FA6F-E1A6-4261-B971-435613993878}.Release|Any CPU.ActiveCfg = Release|Any CPU
		{E6A4FA6F-E1A6-4261-B971-435613993878}.Release|Any CPU.Build.0 = Release|Any CPU
		{E6A4FA6F-E1A6-4261-B971-435613993878}.Release|Any CPU.Deploy.0 = Release|Any CPU
		{E6A4FA6F-E1A6-4261-B971-435613993878}.Release|ARM.ActiveCfg = Release|Any CPU
		{E6A4FA6F-E1A6-4261-B971-435613993878}.Release|ARM.Build.0 = Release|Any CPU
		{E6A4FA6F-E1A6-4261-B971-435613993878}.Release|ARM.Deploy.0 = Release|Any CPU
		{E6A4FA6F-E1A6-4261-B971-435613993878}.Release|iPhone.ActiveCfg = Release|Any CPU
		{E6A4FA6F-E1A6-4261-B971-435613993878}.Release|iPhone.Build.0 = Release|Any CPU
		{E6A4FA6F-E1A6-4261-B971-435613993878}.Release|iPhone.Deploy.0 = Release|Any CPU
		{E6A4FA6F-E1A6-4261-B971-435613993878}.Release|iPhoneSimulator.ActiveCfg = Release|Any CPU
		{E6A4FA6F-E1A6-4261-B971-435613993878}.Release|iPhoneSimulator.Build.0 = Release|Any CPU
		{E6A4FA6F-E1A6-4261-B971-435613993878}.Release|iPhoneSimulator.Deploy.0 = Release|Any CPU
		{E6A4FA6F-E1A6-4261-B971-435613993878}.Release|x64.ActiveCfg = Release|Any CPU
		{E6A4FA6F-E1A6-4261-B971-435613993878}.Release|x64.Build.0 = Release|Any CPU
		{E6A4FA6F-E1A6-4261-B971-435613993878}.Release|x64.Deploy.0 = Release|Any CPU
		{E6A4FA6F-E1A6-4261-B971-435613993878}.Release|x86.ActiveCfg = Release|Any CPU
		{E6A4FA6F-E1A6-4261-B971-435613993878}.Release|x86.Build.0 = Release|Any CPU
		{E6A4FA6F-E1A6-4261-B971-435613993878}.Release|x86.Deploy.0 = Release|Any CPU
	EndGlobalSection
	GlobalSection(SolutionProperties) = preSolution
		HideSolutionNode = FALSE
	EndGlobalSection
	GlobalSection(ExtensibilityGlobals) = postSolution
		SolutionGuid = {50789FBA-3436-4E95-9EAC-68EE14A232D1}
	EndGlobalSection
EndGlobal
